
Microsoft Visual Studio Solution File, Format Version 12.00
# Visual Studio Version 17
VisualStudioVersion = 17.6.33815.320
MinimumVisualStudioVersion = 10.0.40219.1
Project("{FAE04EC0-301F-11D3-BF4B-00C04F79EFBC}") = "TH6", "TH6\TH6.csproj", "{07CE394A-7ACD-4D6F-957B-86D1F17D848A}"
EndProject
Global
	GlobalSection(SolutionConfigurationPlatforms) = preSolution
		Debug|Any CPU = Debug|Any CPU
		Release|Any CPU = Release|Any CPU
	EndGlobalSection
	GlobalSection(ProjectConfigurationPlatforms) = postSolution
		{07CE394A-7ACD-4D6F-957B-86D1F17D848A}.Debug|Any CPU.ActiveCfg = Debug|Any CPU
		{07CE394A-7ACD-4D6F-957B-86D1F17D848A}.Debug|Any CPU.Build.0 = Debug|Any CPU
		{07CE394A-7ACD-4D6F-957B-86D1F17D848A}.Release|Any CPU.ActiveCfg = Release|Any CPU
		{07CE394A-7ACD-4D6F-957B-86D1F17D848A}.Release|Any CPU.Build.0 = Release|Any CPU
	EndGlobalSection
	GlobalSection(SolutionProperties) = preSolution
		HideSolutionNode = FALSE
	EndGlobalSection
	GlobalSection(ExtensibilityGlobals) = postSolution
		SolutionGuid = {6D2FB6C3-2CF5-4889-AD70-4BD0A6B4E830}
	EndGlobalSection
EndGlobal
